
Microsoft Visual Studio Solution File, Format Version 12.00
# Visual Studio 15
VisualStudioVersion = 15.0.28307.852
MinimumVisualStudioVersion = 10.0.40219.1
Project("{FAE04EC0-301F-11D3-BF4B-00C04F79EFBC}") = "hukukDeneme2", "hukukDeneme2\hukukDeneme2.csproj", "{5DAAB768-00CF-4913-902C-34225DE7ACCC}"
EndProject
Global
	GlobalSection(SolutionConfigurationPlatforms) = preSolution
		Debug|Any CPU = Debug|Any CPU
		Release|Any CPU = Release|Any CPU
	EndGlobalSection
	GlobalSection(ProjectConfigurationPlatforms) = postSolution
		{5DAAB768-00CF-4913-902C-34225DE7ACCC}.Debug|Any CPU.ActiveCfg = Debug|Any CPU
		{5DAAB768-00CF-4913-902C-34225DE7ACCC}.Debug|Any CPU.Build.0 = Debug|Any CPU
		{5DAAB768-00CF-4913-902C-34225DE7ACCC}.Release|Any CPU.ActiveCfg = Release|Any CPU
		{5DAAB768-00CF-4913-902C-34225DE7ACCC}.Release|Any CPU.Build.0 = Release|Any CPU
	EndGlobalSection
	GlobalSection(SolutionProperties) = preSolution
		HideSolutionNode = FALSE
	EndGlobalSection
	GlobalSection(ExtensibilityGlobals) = postSolution
		SolutionGuid = {83C45332-A70C-489E-B89F-D5023F04E929}
	EndGlobalSection
EndGlobal
